
Microsoft Visual Studio Solution File, Format Version 12.00
# Visual Studio 15
VisualStudioVersion = 15.0.25807.0
MinimumVisualStudioVersion = 10.0.40219.1
Project("{2150E333-8FDC-42A3-9474-1A3956D46DE8}") = "Engine", "Engine", "{DD3F9C97-4FA7-435A-A22E-A5F9108A5659}"
EndProject
Project("{2150E333-8FDC-42A3-9474-1A3956D46DE8}") = "Games", "Games", "{279D2DF2-D665-4C3C-A0EF-750BA4017FAE}"
EndProject
Project("{8BC9CEB8-8B4A-11D0-8D11-00A0C91BC942}") = "UE4", "Intermediate\ProjectFiles\UE4.vcxproj", "{AA83A1F8-B7B7-4346-88A9-049C2E0DADE3}"
EndProject
Project("{8BC9CEB8-8B4A-11D0-8D11-00A0C91BC942}") = "UECollisions", "Intermediate\ProjectFiles\UECollisions.vcxproj", "{8CE3822F-D6C1-4409-90AC-50C1780C4C0C}"
EndProject
Global
	GlobalSection(SolutionConfigurationPlatforms) = preSolution
		DebugGame Editor|HTML5 = DebugGame Editor|HTML5
		DebugGame Editor|IOS = DebugGame Editor|IOS
		DebugGame Editor|Win32 = DebugGame Editor|Win32
		DebugGame Editor|Win64 = DebugGame Editor|Win64
		DebugGame|HTML5 = DebugGame|HTML5
		DebugGame|IOS = DebugGame|IOS
		DebugGame|Win32 = DebugGame|Win32
		DebugGame|Win64 = DebugGame|Win64
		Development Editor|HTML5 = Development Editor|HTML5
		Development Editor|IOS = Development Editor|IOS
		Development Editor|Win32 = Development Editor|Win32
		Development Editor|Win64 = Development Editor|Win64
		Development|HTML5 = Development|HTML5
		Development|IOS = Development|IOS
		Development|Win32 = Development|Win32
		Development|Win64 = Development|Win64
		Shipping|HTML5 = Shipping|HTML5
		Shipping|IOS = Shipping|IOS
		Shipping|Win32 = Shipping|Win32
		Shipping|Win64 = Shipping|Win64
	EndGlobalSection
	GlobalSection(ProjectConfigurationPlatforms) = postSolution
		{AA83A1F8-B7B7-4346-88A9-049C2E0DADE3}.DebugGame Editor|HTML5.ActiveCfg = BuiltWithUnrealBuildTool|Win32
		{AA83A1F8-B7B7-4346-88A9-049C2E0DADE3}.DebugGame Editor|HTML5.Build.0 = BuiltWithUnrealBuildTool|Win32
		{AA83A1F8-B7B7-4346-88A9-049C2E0DADE3}.DebugGame Editor|IOS.ActiveCfg = BuiltWithUnrealBuildTool|Win32
		{AA83A1F8-B7B7-4346-88A9-049C2E0DADE3}.DebugGame Editor|IOS.Build.0 = BuiltWithUnrealBuildTool|Win32
		{AA83A1F8-B7B7-4346-88A9-049C2E0DADE3}.DebugGame Editor|Win32.ActiveCfg = BuiltWithUnrealBuildTool|Win32
		{AA83A1F8-B7B7-4346-88A9-049C2E0DADE3}.DebugGame Editor|Win32.Build.0 = BuiltWithUnrealBuildTool|Win32
		{AA83A1F8-B7B7-4346-88A9-049C2E0DADE3}.DebugGame Editor|Win64.ActiveCfg = BuiltWithUnrealBuildTool|Win32
		{AA83A1F8-B7B7-4346-88A9-049C2E0DADE3}.DebugGame Editor|Win64.Build.0 = BuiltWithUnrealBuildTool|Win32
		{AA83A1F8-B7B7-4346-88A9-049C2E0DADE3}.DebugGame|HTML5.ActiveCfg = BuiltWithUnrealBuildTool|Win32
		{AA83A1F8-B7B7-4346-88A9-049C2E0DADE3}.DebugGame|HTML5.Build.0 = BuiltWithUnrealBuildTool|Win32
		{AA83A1F8-B7B7-4346-88A9-049C2E0DADE3}.DebugGame|IOS.ActiveCfg = BuiltWithUnrealBuildTool|Win32
		{AA83A1F8-B7B7-4346-88A9-049C2E0DADE3}.DebugGame|IOS.Build.0 = BuiltWithUnrealBuildTool|Win32
		{AA83A1F8-B7B7-4346-88A9-049C2E0DADE3}.DebugGame|Win32.ActiveCfg = BuiltWithUnrealBuildTool|Win32
		{AA83A1F8-B7B7-4346-88A9-049C2E0DADE3}.DebugGame|Win32.Build.0 = BuiltWithUnrealBuildTool|Win32
		{AA83A1F8-B7B7-4346-88A9-049C2E0DADE3}.DebugGame|Win64.ActiveCfg = BuiltWithUnrealBuildTool|Win32
		{AA83A1F8-B7B7-4346-88A9-049C2E0DADE3}.DebugGame|Win64.Build.0 = BuiltWithUnrealBuildTool|Win32
		{AA83A1F8-B7B7-4346-88A9-049C2E0DADE3}.Development Editor|HTML5.ActiveCfg = BuiltWithUnrealBuildTool|Win32
		{AA83A1F8-B7B7-4346-88A9-049C2E0DADE3}.Development Editor|HTML5.Build.0 = BuiltWithUnrealBuildTool|Win32
		{AA83A1F8-B7B7-4346-88A9-049C2E0DADE3}.Development Editor|IOS.ActiveCfg = BuiltWithUnrealBuildTool|Win32
		{AA83A1F8-B7B7-4346-88A9-049C2E0DADE3}.Development Editor|IOS.Build.0 = BuiltWithUnrealBuildTool|Win32
		{AA83A1F8-B7B7-4346-88A9-049C2E0DADE3}.Development Editor|Win32.ActiveCfg = BuiltWithUnrealBuildTool|Win32
		{AA83A1F8-B7B7-4346-88A9-049C2E0DADE3}.Development Editor|Win32.Build.0 = BuiltWithUnrealBuildTool|Win32
		{AA83A1F8-B7B7-4346-88A9-049C2E0DADE3}.Development Editor|Win64.ActiveCfg = BuiltWithUnrealBuildTool|Win32
		{AA83A1F8-B7B7-4346-88A9-049C2E0DADE3}.Development Editor|Win64.Build.0 = BuiltWithUnrealBuildTool|Win32
		{AA83A1F8-B7B7-4346-88A9-049C2E0DADE3}.Development|HTML5.ActiveCfg = BuiltWithUnrealBuildTool|Win32
		{AA83A1F8-B7B7-4346-88A9-049C2E0DADE3}.Development|HTML5.Build.0 = BuiltWithUnrealBuildTool|Win32
		{AA83A1F8-B7B7-4346-88A9-049C2E0DADE3}.Development|IOS.ActiveCfg = BuiltWithUnrealBuildTool|Win32
		{AA83A1F8-B7B7-4346-88A9-049C2E0DADE3}.Development|IOS.Build.0 = BuiltWithUnrealBuildTool|Win32
		{AA83A1F8-B7B7-4346-88A9-049C2E0DADE3}.Development|Win32.ActiveCfg = BuiltWithUnrealBuildTool|Win32
		{AA83A1F8-B7B7-4346-88A9-049C2E0DADE3}.Development|Win32.Build.0 = BuiltWithUnrealBuildTool|Win32
		{AA83A1F8-B7B7-4346-88A9-049C2E0DADE3}.Development|Win64.ActiveCfg = BuiltWithUnrealBuildTool|Win32
		{AA83A1F8-B7B7-4346-88A9-049C2E0DADE3}.Development|Win64.Build.0 = BuiltWithUnrealBuildTool|Win32
		{AA83A1F8-B7B7-4346-88A9-049C2E0DADE3}.Shipping|HTML5.ActiveCfg = BuiltWithUnrealBuildTool|Win32
		{AA83A1F8-B7B7-4346-88A9-049C2E0DADE3}.Shipping|HTML5.Build.0 = BuiltWithUnrealBuildTool|Win32
		{AA83A1F8-B7B7-4346-88A9-049C2E0DADE3}.Shipping|IOS.ActiveCfg = BuiltWithUnrealBuildTool|Win32
		{AA83A1F8-B7B7-4346-88A9-049C2E0DADE3}.Shipping|IOS.Build.0 = BuiltWithUnrealBuildTool|Win32
		{AA83A1F8-B7B7-4346-88A9-049C2E0DADE3}.Shipping|Win32.ActiveCfg = BuiltWithUnrealBuildTool|Win32
		{AA83A1F8-B7B7-4346-88A9-049C2E0DADE3}.Shipping|Win32.Build.0 = BuiltWithUnrealBuildTool|Win32
		{AA83A1F8-B7B7-4346-88A9-049C2E0DADE3}.Shipping|Win64.ActiveCfg = BuiltWithUnrealBuildTool|Win32
		{AA83A1F8-B7B7-4346-88A9-049C2E0DADE3}.Shipping|Win64.Build.0 = BuiltWithUnrealBuildTool|Win32
		{8CE3822F-D6C1-4409-90AC-50C1780C4C0C}.DebugGame Editor|HTML5.ActiveCfg = HTML5_DebugGame_Editor|Win32
		{8CE3822F-D6C1-4409-90AC-50C1780C4C0C}.DebugGame Editor|IOS.ActiveCfg = IOS_DebugGame_Editor|Win32
		{8CE3822F-D6C1-4409-90AC-50C1780C4C0C}.DebugGame Editor|Win32.ActiveCfg = DebugGame_Editor|Win32
		{8CE3822F-D6C1-4409-90AC-50C1780C4C0C}.DebugGame Editor|Win64.ActiveCfg = DebugGame_Editor|x64
		{8CE3822F-D6C1-4409-90AC-50C1780C4C0C}.DebugGame Editor|Win64.Build.0 = DebugGame_Editor|x64
		{8CE3822F-D6C1-4409-90AC-50C1780C4C0C}.DebugGame|HTML5.ActiveCfg = HTML5_DebugGame_Game|Win32
		{8CE3822F-D6C1-4409-90AC-50C1780C4C0C}.DebugGame|HTML5.Build.0 = HTML5_DebugGame_Game|Win32
		{8CE3822F-D6C1-4409-90AC-50C1780C4C0C}.DebugGame|IOS.ActiveCfg = IOS_DebugGame_Game|Win32
		{8CE3822F-D6C1-4409-90AC-50C1780C4C0C}.DebugGame|IOS.Build.0 = IOS_DebugGame_Game|Win32
		{8CE3822F-D6C1-4409-90AC-50C1780C4C0C}.DebugGame|Win32.ActiveCfg = DebugGame_Game|Win32
		{8CE3822F-D6C1-4409-90AC-50C1780C4C0C}.DebugGame|Win32.Build.0 = DebugGame_Game|Win32
		{8CE3822F-D6C1-4409-90AC-50C1780C4C0C}.DebugGame|Win64.ActiveCfg = DebugGame_Game|x64
		{8CE3822F-D6C1-4409-90AC-50C1780C4C0C}.DebugGame|Win64.Build.0 = DebugGame_Game|x64
		{8CE3822F-D6C1-4409-90AC-50C1780C4C0C}.Development Editor|HTML5.ActiveCfg = HTML5_Development_Editor|Win32
		{8CE3822F-D6C1-4409-90AC-50C1780C4C0C}.Development Editor|IOS.ActiveCfg = IOS_Development_Editor|Win32
		{8CE3822F-D6C1-4409-90AC-50C1780C4C0C}.Development Editor|Win32.ActiveCfg = Development_Editor|Win32
		{8CE3822F-D6C1-4409-90AC-50C1780C4C0C}.Development Editor|Win64.ActiveCfg = Development_Editor|x64
		{8CE3822F-D6C1-4409-90AC-50C1780C4C0C}.Development Editor|Win64.Build.0 = Development_Editor|x64
		{8CE3822F-D6C1-4409-90AC-50C1780C4C0C}.Development|HTML5.ActiveCfg = HTML5_Development_Game|Win32
		{8CE3822F-D6C1-4409-90AC-50C1780C4C0C}.Development|HTML5.Build.0 = HTML5_Development_Game|Win32
		{8CE3822F-D6C1-4409-90AC-50C1780C4C0C}.Development|IOS.ActiveCfg = IOS_Development_Game|Win32
		{8CE3822F-D6C1-4409-90AC-50C1780C4C0C}.Development|IOS.Build.0 = IOS_Development_Game|Win32
		{8CE3822F-D6C1-4409-90AC-50C1780C4C0C}.Development|Win32.ActiveCfg = Development_Game|Win32
		{8CE3822F-D6C1-4409-90AC-50C1780C4C0C}.Development|Win32.Build.0 = Development_Game|Win32
		{8CE3822F-D6C1-4409-90AC-50C1780C4C0C}.Development|Win64.ActiveCfg = Development_Game|x64
		{8CE3822F-D6C1-4409-90AC-50C1780C4C0C}.Development|Win64.Build.0 = Development_Game|x64
		{8CE3822F-D6C1-4409-90AC-50C1780C4C0C}.Shipping|HTML5.ActiveCfg = HTML5_Shipping_Game|Win32
		{8CE3822F-D6C1-4409-90AC-50C1780C4C0C}.Shipping|HTML5.Build.0 = HTML5_Shipping_Game|Win32
		{8CE3822F-D6C1-4409-90AC-50C1780C4C0C}.Shipping|IOS.ActiveCfg = IOS_Shipping_Game|Win32
		{8CE3822F-D6C1-4409-90AC-50C1780C4C0C}.Shipping|IOS.Build.0 = IOS_Shipping_Game|Win32
		{8CE3822F-D6C1-4409-90AC-50C1780C4C0C}.Shipping|Win32.ActiveCfg = Shipping_Game|Win32
		{8CE3822F-D6C1-4409-90AC-50C1780C4C0C}.Shipping|Win32.Build.0 = Shipping_Game|Win32
		{8CE3822F-D6C1-4409-90AC-50C1780C4C0C}.Shipping|Win64.ActiveCfg = Shipping_Game|x64
		{8CE3822F-D6C1-4409-90AC-50C1780C4C0C}.Shipping|Win64.Build.0 = Shipping_Game|x64
	EndGlobalSection
	GlobalSection(SolutionProperties) = preSolution
		HideSolutionNode = FALSE
	EndGlobalSection
	GlobalSection(NestedProjects) = preSolution
		{AA83A1F8-B7B7-4346-88A9-049C2E0DADE3} = {DD3F9C97-4FA7-435A-A22E-A5F9108A5659}
		{8CE3822F-D6C1-4409-90AC-50C1780C4C0C} = {279D2DF2-D665-4C3C-A0EF-750BA4017FAE}
	EndGlobalSection
	GlobalSection(ExtensibilityGlobals) = postSolution
		SolutionGuid = {D3A3C46B-6319-4B62-9D95-36C47EE82E3F}
	EndGlobalSection
EndGlobal
